
Microsoft Visual Studio Solution File, Format Version 12.00
# Visual Studio Version 17
VisualStudioVersion = 17.9.34728.123
MinimumVisualStudioVersion = 10.0.40219.1
Project("{9A19103F-16F7-4668-BE54-9A1E7A4F7556}") = "EjerciciosRazorPages", "EjerciciosRazorPages\EjerciciosRazorPages.csproj", "{C974C753-E3AF-414F-A930-3D046CF83BD1}"
EndProject
Global
	GlobalSection(SolutionConfigurationPlatforms) = preSolution
		Debug|Any CPU = Debug|Any CPU
		Release|Any CPU = Release|Any CPU
	EndGlobalSection
	GlobalSection(ProjectConfigurationPlatforms) = postSolution
		{C974C753-E3AF-414F-A930-3D046CF83BD1}.Debug|Any CPU.ActiveCfg = Debug|Any CPU
		{C974C753-E3AF-414F-A930-3D046CF83BD1}.Debug|Any CPU.Build.0 = Debug|Any CPU
		{C974C753-E3AF-414F-A930-3D046CF83BD1}.Release|Any CPU.ActiveCfg = Release|Any CPU
		{C974C753-E3AF-414F-A930-3D046CF83BD1}.Release|Any CPU.Build.0 = Release|Any CPU
	EndGlobalSection
	GlobalSection(SolutionProperties) = preSolution
		HideSolutionNode = FALSE
	EndGlobalSection
	GlobalSection(ExtensibilityGlobals) = postSolution
		SolutionGuid = {07E09771-AD77-4C3F-94AF-E342772315C3}
	EndGlobalSection
EndGlobal
